Microsoft Visual Studio Solution File, Format Version 12.00
# Visual Studio Version 17
VisualStudioVersion = 17.5.2.0
MinimumVisualStudioVersion = 10.0.40219.1
Project("{FAE04EC0-301F-11D3-BF4B-00C04F79EFBC}") = "FacenamaCrawler", "FacenamaCrawler.csproj", "{56EC7282-A1F8-D69C-A705-D2E22CCA5D23}"
EndProject
Global
	GlobalSection(SolutionConfigurationPlatforms) = preSolution
		Debug|Any CPU = Debug|Any CPU
		Release|Any CPU = Release|Any CPU
	EndGlobalSection
	GlobalSection(ProjectConfigurationPlatforms) = postSolution
		{56EC7282-A1F8-D69C-A705-D2E22CCA5D23}.Debug|Any CPU.ActiveCfg = Debug|Any CPU
		{56EC7282-A1F8-D69C-A705-D2E22CCA5D23}.Debug|Any CPU.Build.0 = Debug|Any CPU
		{56EC7282-A1F8-D69C-A705-D2E22CCA5D23}.Release|Any CPU.ActiveCfg = Release|Any CPU
		{56EC7282-A1F8-D69C-A705-D2E22CCA5D23}.Release|Any CPU.Build.0 = Release|Any CPU
	EndGlobalSection
	GlobalSection(SolutionProperties) = preSolution
		HideSolutionNode = FALSE
	EndGlobalSection
	GlobalSection(ExtensibilityGlobals) = postSolution
		SolutionGuid = {4AC624E4-99AC-40B4-A816-D8A7DD329C40}
	EndGlobalSection
EndGlobal
